
Microsoft Visual Studio Solution File, Format Version 12.00
# Visual Studio 14
VisualStudioVersion = 14.0.25420.1
MinimumVisualStudioVersion = 10.0.40219.1
Project("{FAE04EC0-301F-11D3-BF4B-00C04F79EFBC}") = "CarApp", "CarApp\CarApp.csproj", "{A6350594-A2D6-42C2-86E6-416AA2ACE304}"
EndProject
Project("{FAE04EC0-301F-11D3-BF4B-00C04F79EFBC}") = "Teht02", "Teht02\Teht02.csproj", "{94F612EF-7404-4B5B-850C-517E3E9EC746}"
EndProject
Project("{FAE04EC0-301F-11D3-BF4B-00C04F79EFBC}") = "Teht03", "Teht03\Teht03.csproj", "{8C8D5838-C186-4E86-987B-599BD962ACB7}"
EndProject
Project("{FAE04EC0-301F-11D3-BF4B-00C04F79EFBC}") = "Tekstiteht", "Tekstiteht\Tekstiteht.csproj", "{FD09AD25-58EA-4BBF-94E9-8C4B5E4CBA48}"
EndProject
Global
	GlobalSection(SolutionConfigurationPlatforms) = preSolution
		Debug|Any CPU = Debug|Any CPU
		Debug|ARM = Debug|ARM
		Debug|x64 = Debug|x64
		Debug|x86 = Debug|x86
		Release|Any CPU = Release|Any CPU
		Release|ARM = Release|ARM
		Release|x64 = Release|x64
		Release|x86 = Release|x86
	EndGlobalSection
	GlobalSection(ProjectConfigurationPlatforms) = postSolution
		{A6350594-A2D6-42C2-86E6-416AA2ACE304}.Debug|Any CPU.ActiveCfg = Debug|x86
		{A6350594-A2D6-42C2-86E6-416AA2ACE304}.Debug|ARM.ActiveCfg = Debug|ARM
		{A6350594-A2D6-42C2-86E6-416AA2ACE304}.Debug|ARM.Build.0 = Debug|ARM
		{A6350594-A2D6-42C2-86E6-416AA2ACE304}.Debug|ARM.Deploy.0 = Debug|ARM
		{A6350594-A2D6-42C2-86E6-416AA2ACE304}.Debug|x64.ActiveCfg = Debug|x64
		{A6350594-A2D6-42C2-86E6-416AA2ACE304}.Debug|x64.Build.0 = Debug|x64
		{A6350594-A2D6-42C2-86E6-416AA2ACE304}.Debug|x64.Deploy.0 = Debug|x64
		{A6350594-A2D6-42C2-86E6-416AA2ACE304}.Debug|x86.ActiveCfg = Debug|x86
		{A6350594-A2D6-42C2-86E6-416AA2ACE304}.Debug|x86.Build.0 = Debug|x86
		{A6350594-A2D6-42C2-86E6-416AA2ACE304}.Debug|x86.Deploy.0 = Debug|x86
		{A6350594-A2D6-42C2-86E6-416AA2ACE304}.Release|Any CPU.ActiveCfg = Release|x86
		{A6350594-A2D6-42C2-86E6-416AA2ACE304}.Release|ARM.ActiveCfg = Release|ARM
		{A6350594-A2D6-42C2-86E6-416AA2ACE304}.Release|ARM.Build.0 = Release|ARM
		{A6350594-A2D6-42C2-86E6-416AA2ACE304}.Release|ARM.Deploy.0 = Release|ARM
		{A6350594-A2D6-42C2-86E6-416AA2ACE304}.Release|x64.ActiveCfg = Release|x64
		{A6350594-A2D6-42C2-86E6-416AA2ACE304}.Release|x64.Build.0 = Release|x64
		{A6350594-A2D6-42C2-86E6-416AA2ACE304}.Release|x64.Deploy.0 = Release|x64
		{A6350594-A2D6-42C2-86E6-416AA2ACE304}.Release|x86.ActiveCfg = Release|x86
		{A6350594-A2D6-42C2-86E6-416AA2ACE304}.Release|x86.Build.0 = Release|x86
		{A6350594-A2D6-42C2-86E6-416AA2ACE304}.Release|x86.Deploy.0 = Release|x86
		{94F612EF-7404-4B5B-850C-517E3E9EC746}.Debug|Any CPU.ActiveCfg = Debug|x86
		{94F612EF-7404-4B5B-850C-517E3E9EC746}.Debug|ARM.ActiveCfg = Debug|ARM
		{94F612EF-7404-4B5B-850C-517E3E9EC746}.Debug|ARM.Build.0 = Debug|ARM
		{94F612EF-7404-4B5B-850C-517E3E9EC746}.Debug|ARM.Deploy.0 = Debug|ARM
		{94F612EF-7404-4B5B-850C-517E3E9EC746}.Debug|x64.ActiveCfg = Debug|x64
		{94F612EF-7404-4B5B-850C-517E3E9EC746}.Debug|x64.Build.0 = Debug|x64
		{94F612EF-7404-4B5B-850C-517E3E9EC746}.Debug|x64.Deploy.0 = Debug|x64
		{94F612EF-7404-4B5B-850C-517E3E9EC746}.Debug|x86.ActiveCfg = Debug|x86
		{94F612EF-7404-4B5B-850C-517E3E9EC746}.Debug|x86.Build.0 = Debug|x86
		{94F612EF-7404-4B5B-850C-517E3E9EC746}.Debug|x86.Deploy.0 = Debug|x86
		{94F612EF-7404-4B5B-850C-517E3E9EC746}.Release|Any CPU.ActiveCfg = Release|x86
		{94F612EF-7404-4B5B-850C-517E3E9EC746}.Release|ARM.ActiveCfg = Release|ARM
		{94F612EF-7404-4B5B-850C-517E3E9EC746}.Release|ARM.Build.0 = Release|ARM
		{94F612EF-7404-4B5B-850C-517E3E9EC746}.Release|ARM.Deploy.0 = Release|ARM
		{94F612EF-7404-4B5B-850C-517E3E9EC746}.Release|x64.ActiveCfg = Release|x64
		{94F612EF-7404-4B5B-850C-517E3E9EC746}.Release|x64.Build.0 = Release|x64
		{94F612EF-7404-4B5B-850C-517E3E9EC746}.Release|x64.Deploy.0 = Release|x64
		{94F612EF-7404-4B5B-850C-517E3E9EC746}.Release|x86.ActiveCfg = Release|x86
		{94F612EF-7404-4B5B-850C-517E3E9EC746}.Release|x86.Build.0 = Release|x86
		{94F612EF-7404-4B5B-850C-517E3E9EC746}.Release|x86.Deploy.0 = Release|x86
		{8C8D5838-C186-4E86-987B-599BD962ACB7}.Debug|Any CPU.ActiveCfg = Debug|x86
		{8C8D5838-C186-4E86-987B-599BD962ACB7}.Debug|ARM.ActiveCfg = Debug|ARM
		{8C8D5838-C186-4E86-987B-599BD962ACB7}.Debug|ARM.Build.0 = Debug|ARM
		{8C8D5838-C186-4E86-987B-599BD962ACB7}.Debug|ARM.Deploy.0 = Debug|ARM
		{8C8D5838-C186-4E86-987B-599BD962ACB7}.Debug|x64.ActiveCfg = Debug|x64
		{8C8D5838-C186-4E86-987B-599BD962ACB7}.Debug|x64.Build.0 = Debug|x64
		{8C8D5838-C186-4E86-987B-599BD962ACB7}.Debug|x64.Deploy.0 = Debug|x64
		{8C8D5838-C186-4E86-987B-599BD962ACB7}.Debug|x86.ActiveCfg = Debug|x86
		{8C8D5838-C186-4E86-987B-599BD962ACB7}.Debug|x86.Build.0 = Debug|x86
		{8C8D5838-C186-4E86-987B-599BD962ACB7}.Debug|x86.Deploy.0 = Debug|x86
		{8C8D5838-C186-4E86-987B-599BD962ACB7}.Release|Any CPU.ActiveCfg = Release|x86
		{8C8D5838-C186-4E86-987B-599BD962ACB7}.Release|ARM.ActiveCfg = Release|ARM
		{8C8D5838-C186-4E86-987B-599BD962ACB7}.Release|ARM.Build.0 = Release|ARM
		{8C8D5838-C186-4E86-987B-599BD962ACB7}.Release|ARM.Deploy.0 = Release|ARM
		{8C8D5838-C186-4E86-987B-599BD962ACB7}.Release|x64.ActiveCfg = Release|x64
		{8C8D5838-C186-4E86-987B-599BD962ACB7}.Release|x64.Build.0 = Release|x64
		{8C8D5838-C186-4E86-987B-599BD962ACB7}.Release|x64.Deploy.0 = Release|x64
		{8C8D5838-C186-4E86-987B-599BD962ACB7}.Release|x86.ActiveCfg = Release|x86
		{8C8D5838-C186-4E86-987B-599BD962ACB7}.Release|x86.Build.0 = Release|x86
		{8C8D5838-C186-4E86-987B-599BD962ACB7}.Release|x86.Deploy.0 = Release|x86
		{FD09AD25-58EA-4BBF-94E9-8C4B5E4CBA48}.Debug|Any CPU.ActiveCfg = Debug|Any CPU
		{FD09AD25-58EA-4BBF-94E9-8C4B5E4CBA48}.Debug|Any CPU.Build.0 = Debug|Any CPU
		{FD09AD25-58EA-4BBF-94E9-8C4B5E4CBA48}.Debug|ARM.ActiveCfg = Debug|Any CPU
		{FD09AD25-58EA-4BBF-94E9-8C4B5E4CBA48}.Debug|ARM.Build.0 = Debug|Any CPU
		{FD09AD25-58EA-4BBF-94E9-8C4B5E4CBA48}.Debug|x64.ActiveCfg = Debug|Any CPU
		{FD09AD25-58EA-4BBF-94E9-8C4B5E4CBA48}.Debug|x64.Build.0 = Debug|Any CPU
		{FD09AD25-58EA-4BBF-94E9-8C4B5E4CBA48}.Debug|x86.ActiveCfg = Debug|Any CPU
		{FD09AD25-58EA-4BBF-94E9-8C4B5E4CBA48}.Debug|x86.Build.0 = Debug|Any CPU
		{FD09AD25-58EA-4BBF-94E9-8C4B5E4CBA48}.Release|Any CPU.ActiveCfg = Release|Any CPU
		{FD09AD25-58EA-4BBF-94E9-8C4B5E4CBA48}.Release|Any CPU.Build.0 = Release|Any CPU
		{FD09AD25-58EA-4BBF-94E9-8C4B5E4CBA48}.Release|ARM.ActiveCfg = Release|Any CPU
		{FD09AD25-58EA-4BBF-94E9-8C4B5E4CBA48}.Release|ARM.Build.0 = Release|Any CPU
		{FD09AD25-58EA-4BBF-94E9-8C4B5E4CBA48}.Release|x64.ActiveCfg = Release|Any CPU
		{FD09AD25-58EA-4BBF-94E9-8C4B5E4CBA48}.Release|x64.Build.0 = Release|Any CPU
		{FD09AD25-58EA-4BBF-94E9-8C4B5E4CBA48}.Release|x86.ActiveCfg = Release|Any CPU
		{FD09AD25-58EA-4BBF-94E9-8C4B5E4CBA48}.Release|x86.Build.0 = Release|Any CPU
	EndGlobalSection
	GlobalSection(SolutionProperties) = preSolution
		HideSolutionNode = FALSE
	EndGlobalSection
EndGlobal
